
Microsoft Visual Studio Solution File, Format Version 12.00
# Visual Studio Version 17
VisualStudioVersion = 17.4.33122.133
MinimumVisualStudioVersion = 10.0.40219.1
Project("{FAE04EC0-301F-11D3-BF4B-00C04F79EFBC}") = "SignalRChat", "SignalRChat\SignalRChat.csproj", "{A73228FB-3969-4856-BC21-0240EE170706}"
EndProject
Global
	GlobalSection(SolutionConfigurationPlatforms) = preSolution
		Debug|Any CPU = Debug|Any CPU
		Release|Any CPU = Release|Any CPU
	EndGlobalSection
	GlobalSection(ProjectConfigurationPlatforms) = postSolution
		{A73228FB-3969-4856-BC21-0240EE170706}.Debug|Any CPU.ActiveCfg = Debug|Any CPU
		{A73228FB-3969-4856-BC21-0240EE170706}.Debug|Any CPU.Build.0 = Debug|Any CPU
		{A73228FB-3969-4856-BC21-0240EE170706}.Release|Any CPU.ActiveCfg = Release|Any CPU
		{A73228FB-3969-4856-BC21-0240EE170706}.Release|Any CPU.Build.0 = Release|Any CPU
	EndGlobalSection
	GlobalSection(SolutionProperties) = preSolution
		HideSolutionNode = FALSE
	EndGlobalSection
	GlobalSection(ExtensibilityGlobals) = postSolution
		SolutionGuid = {116761CE-3C11-43BD-9F43-C25B75521ACB}
	EndGlobalSection
EndGlobal
